
Microsoft Visual Studio Solution File, Format Version 12.00
# Visual Studio Version 16
VisualStudioVersion = 16.0.808.4
MinimumVisualStudioVersion = 10.0.40219.1
Project("{FAE04EC0-301F-11D3-BF4B-00C04F79EFBC}") = "Fernweh.Android", "Fernweh.Android\Fernweh.Android.csproj", "{C0EFAF56-E5E8-42D9-9748-51BDC1B0EF23}"
EndProject
Project("{FAE04EC0-301F-11D3-BF4B-00C04F79EFBC}") = "Fernweh.iOS", "Fernweh.iOS\Fernweh.iOS.csproj", "{C41F4AF7-D6A2-4167-809F-CB8DB4C397C8}"
EndProject
Project("{FAE04EC0-301F-11D3-BF4B-00C04F79EFBC}") = "Fernweh", "Fernweh\Fernweh.csproj", "{C9D6B84F-91D8-4849-999D-2A2BCD3CE328}"
EndProject
Global
	GlobalSection(SolutionConfigurationPlatforms) = preSolution
		Debug|Any CPU = Debug|Any CPU
		Release|Any CPU = Release|Any CPU
		Debug|iPhoneSimulator = Debug|iPhoneSimulator
		Release|iPhoneSimulator = Release|iPhoneSimulator
		Debug|iPhone = Debug|iPhone
		Release|iPhone = Release|iPhone
	EndGlobalSection
	GlobalSection(ProjectConfigurationPlatforms) = postSolution
		{C0EFAF56-E5E8-42D9-9748-51BDC1B0EF23}.Debug|Any CPU.ActiveCfg = Debug|Any CPU
		{C0EFAF56-E5E8-42D9-9748-51BDC1B0EF23}.Debug|Any CPU.Build.0 = Debug|Any CPU
		{C0EFAF56-E5E8-42D9-9748-51BDC1B0EF23}.Release|Any CPU.ActiveCfg = Release|Any CPU
		{C0EFAF56-E5E8-42D9-9748-51BDC1B0EF23}.Release|Any CPU.Build.0 = Release|Any CPU
		{C0EFAF56-E5E8-42D9-9748-51BDC1B0EF23}.Debug|iPhoneSimulator.ActiveCfg = Debug|Any CPU
		{C0EFAF56-E5E8-42D9-9748-51BDC1B0EF23}.Debug|iPhoneSimulator.Build.0 = Debug|Any CPU
		{C0EFAF56-E5E8-42D9-9748-51BDC1B0EF23}.Release|iPhoneSimulator.ActiveCfg = Release|Any CPU
		{C0EFAF56-E5E8-42D9-9748-51BDC1B0EF23}.Release|iPhoneSimulator.Build.0 = Release|Any CPU
		{C0EFAF56-E5E8-42D9-9748-51BDC1B0EF23}.Debug|iPhone.ActiveCfg = Debug|Any CPU
		{C0EFAF56-E5E8-42D9-9748-51BDC1B0EF23}.Debug|iPhone.Build.0 = Debug|Any CPU
		{C0EFAF56-E5E8-42D9-9748-51BDC1B0EF23}.Release|iPhone.ActiveCfg = Release|Any CPU
		{C0EFAF56-E5E8-42D9-9748-51BDC1B0EF23}.Release|iPhone.Build.0 = Release|Any CPU
		{C41F4AF7-D6A2-4167-809F-CB8DB4C397C8}.Debug|Any CPU.ActiveCfg = Debug|iPhoneSimulator
		{C41F4AF7-D6A2-4167-809F-CB8DB4C397C8}.Debug|Any CPU.Build.0 = Debug|iPhoneSimulator
		{C41F4AF7-D6A2-4167-809F-CB8DB4C397C8}.Release|Any CPU.ActiveCfg = Release|iPhoneSimulator
		{C41F4AF7-D6A2-4167-809F-CB8DB4C397C8}.Release|Any CPU.Build.0 = Release|iPhoneSimulator
		{C41F4AF7-D6A2-4167-809F-CB8DB4C397C8}.Debug|iPhoneSimulator.ActiveCfg = Debug|iPhoneSimulator
		{C41F4AF7-D6A2-4167-809F-CB8DB4C397C8}.Debug|iPhoneSimulator.Build.0 = Debug|iPhoneSimulator
		{C41F4AF7-D6A2-4167-809F-CB8DB4C397C8}.Release|iPhoneSimulator.ActiveCfg = Release|iPhoneSimulator
		{C41F4AF7-D6A2-4167-809F-CB8DB4C397C8}.Release|iPhoneSimulator.Build.0 = Release|iPhoneSimulator
		{C41F4AF7-D6A2-4167-809F-CB8DB4C397C8}.Debug|iPhone.ActiveCfg = Debug|iPhone
		{C41F4AF7-D6A2-4167-809F-CB8DB4C397C8}.Debug|iPhone.Build.0 = Debug|iPhone
		{C41F4AF7-D6A2-4167-809F-CB8DB4C397C8}.Release|iPhone.ActiveCfg = Release|iPhone
		{C41F4AF7-D6A2-4167-809F-CB8DB4C397C8}.Release|iPhone.Build.0 = Release|iPhone
		{C9D6B84F-91D8-4849-999D-2A2BCD3CE328}.Debug|Any CPU.ActiveCfg = Debug|Any CPU
		{C9D6B84F-91D8-4849-999D-2A2BCD3CE328}.Debug|Any CPU.Build.0 = Debug|Any CPU
		{C9D6B84F-91D8-4849-999D-2A2BCD3CE328}.Release|Any CPU.ActiveCfg = Release|Any CPU
		{C9D6B84F-91D8-4849-999D-2A2BCD3CE328}.Release|Any CPU.Build.0 = Release|Any CPU
		{C9D6B84F-91D8-4849-999D-2A2BCD3CE328}.Debug|iPhoneSimulator.ActiveCfg = Debug|Any CPU
		{C9D6B84F-91D8-4849-999D-2A2BCD3CE328}.Debug|iPhoneSimulator.Build.0 = Debug|Any CPU
		{C9D6B84F-91D8-4849-999D-2A2BCD3CE328}.Release|iPhoneSimulator.ActiveCfg = Release|Any CPU
		{C9D6B84F-91D8-4849-999D-2A2BCD3CE328}.Release|iPhoneSimulator.Build.0 = Release|Any CPU
		{C9D6B84F-91D8-4849-999D-2A2BCD3CE328}.Debug|iPhone.ActiveCfg = Debug|Any CPU
		{C9D6B84F-91D8-4849-999D-2A2BCD3CE328}.Debug|iPhone.Build.0 = Debug|Any CPU
		{C9D6B84F-91D8-4849-999D-2A2BCD3CE328}.Release|iPhone.ActiveCfg = Release|Any CPU
		{C9D6B84F-91D8-4849-999D-2A2BCD3CE328}.Release|iPhone.Build.0 = Release|Any CPU
	EndGlobalSection
	GlobalSection(SolutionProperties) = preSolution
		HideSolutionNode = FALSE
	EndGlobalSection
	GlobalSection(ExtensibilityGlobals) = postSolution
		SolutionGuid = {BB1DB0D6-8DB0-48EF-8145-F3A852559FF7}
	EndGlobalSection
	GlobalSection(MonoDevelopProperties) = preSolution
		Policies = $0
		$0.DotNetNamingPolicy = $1
		$1.DirectoryNamespaceAssociation = PrefixedHierarchical
		$0.StandardHeader = $2
	EndGlobalSection
EndGlobal
